
Microsoft Visual Studio Solution File, Format Version 12.00
# Visual Studio Version 17
VisualStudioVersion = 17.3.32929.385
MinimumVisualStudioVersion = 15.0.26124.0
Project("{6EC3EE1D-3C4E-46DD-8F32-0CC8E7565705}") = "FsSpreadsheet", "src\FsSpreadsheet\FsSpreadsheet.fsproj", "{601DB071-B467-4237-9403-E63616038B61}"
EndProject
Project("{6EC3EE1D-3C4E-46DD-8F32-0CC8E7565705}") = "FsSpreadsheet.ExcelIO", "src\FsSpreadsheet.ExcelIO\FsSpreadsheet.ExcelIO.fsproj", "{1F35ED8F-3E35-4D95-8E5C-44FCE3BA57D5}"
EndProject
Project("{6EC3EE1D-3C4E-46DD-8F32-0CC8E7565705}") = "FsSpreadsheet.Tests", "tests\FsSpreadsheet.Tests\FsSpreadsheet.Tests.fsproj", "{CBA2E524-B861-44FE-A0B0-668E57FF2A24}"
EndProject
Project("{2150E333-8FDC-42A3-9474-1A3956D46DE8}") = "project", "project", "{276B4810-B0CB-4FDF-9CED-49B3DD59B19F}"
	ProjectSection(SolutionItems) = preProject
		.gitignore = .gitignore
		.github\workflows\build-test.yml = .github\workflows\build-test.yml
		build.cmd = build.cmd
		build.sh = build.sh
		.config\dotnet-tools.json = .config\dotnet-tools.json
		global.json = global.json
		package.json = package.json
		playground.fsx = playground.fsx
		.github\workflows\publish-github-pages.yml = .github\workflows\publish-github-pages.yml
		pyproject.toml = pyproject.toml
		README.md = README.md
		RELEASE_NOTES.md = RELEASE_NOTES.md
	EndProjectSection
EndProject
Project("{6EC3EE1D-3C4E-46DD-8F32-0CC8E7565705}") = "FsSpreadsheet.CsvIO", "src\FsSpreadsheet.CsvIO\FsSpreadsheet.CsvIO.fsproj", "{A89CB3BC-7C15-4A71-863C-2E1DDEDDD12A}"
EndProject
Project("{6EC3EE1D-3C4E-46DD-8F32-0CC8E7565705}") = "Build", "build\Build.fsproj", "{544DA4BF-E0DB-4222-B5DB-E9A7B9E2A5DD}"
EndProject
Project("{6EC3EE1D-3C4E-46DD-8F32-0CC8E7565705}") = "FsSpreadsheet.ExcelIO.Tests", "tests\FsSpreadsheet.ExcelIO.Tests\FsSpreadsheet.ExcelIO.Tests.fsproj", "{C7DF552E-DDE1-4D6D-B0A3-B9D273FC0E32}"
EndProject
Project("{6EC3EE1D-3C4E-46DD-8F32-0CC8E7565705}") = "FsSpreadsheet.Interactive", "src\FsSpreadsheet.Interactive\FsSpreadsheet.Interactive.fsproj", "{5F8EBA76-7B6B-4BAF-9426-F17B14FA5C4C}"
EndProject
Project("{2150E333-8FDC-42A3-9474-1A3956D46DE8}") = "src", "src", "{1CF1274C-DE28-4446-9B4E-5884E797B87B}"
EndProject
Project("{2150E333-8FDC-42A3-9474-1A3956D46DE8}") = "tests", "tests", "{F77AD108-C6B4-46BB-B7BC-13573F45F876}"
EndProject
Project("{6EC3EE1D-3C4E-46DD-8F32-0CC8E7565705}") = "FsSpreadsheet.Interactive.Tests", "tests\FsSpreadsheet.Interactive.Tests\FsSpreadsheet.Interactive.Tests.fsproj", "{7AC6357C-BDA0-40AE-955E-953C4BFF5BB0}"
EndProject
Project("{6EC3EE1D-3C4E-46DD-8F32-0CC8E7565705}") = "FsSpreadsheet.Exceljs", "src\FsSpreadsheet.Exceljs\FsSpreadsheet.Exceljs.fsproj", "{E72A14FF-5026-463B-B0FA-2DA104D67B0C}"
EndProject
Project("{6EC3EE1D-3C4E-46DD-8F32-0CC8E7565705}") = "FsSpreadsheet.Exceljs.Tests", "tests\FsSpreadsheet.Exceljs.Tests\FsSpreadsheet.Exceljs.Tests.fsproj", "{96E12F19-B25A-415E-B965-F9DE8D713C67}"
EndProject
Project("{2150E333-8FDC-42A3-9474-1A3956D46DE8}") = "JS", "JS", "{ADCF7D08-F2EE-4DFD-A96A-7E0134A1546F}"
	ProjectSection(SolutionItems) = preProject
		tests\JS\Exceljs.js = tests\JS\Exceljs.js
	EndProjectSection
EndProject
Project("{6EC3EE1D-3C4E-46DD-8F32-0CC8E7565705}") = "TestUtils", "tests\TestUtils\TestUtils.fsproj", "{60678E53-EDC4-4ADE-A9EE-B194BDC76B37}"
EndProject
Project("{6EC3EE1D-3C4E-46DD-8F32-0CC8E7565705}") = "Speedtest", "tests\Speedtest\Speedtest.fsproj", "{6DAD5C65-64CA-4ED4-B609-2D068F021024}"
EndProject
Project("{6EC3EE1D-3C4E-46DD-8F32-0CC8E7565705}") = "FsSpreadsheet.ExcelPy", "src\FsSpreadsheet.PythonIO\FsSpreadsheet.ExcelPy.fsproj", "{28CBF925-0431-4C81-BE7D-81378DE8E97D}"
EndProject
Project("{6EC3EE1D-3C4E-46DD-8F32-0CC8E7565705}") = "FsSpreadsheet.ExcelPy.Tests", "tests\FsSpreadsheet.ExcelPy.Tests\FsSpreadsheet.ExcelPy.Tests.fsproj", "{EB4669EF-77CF-4CB0-AAFA-BBB3C4FD4CE6}"
EndProject
Global
	GlobalSection(SolutionConfigurationPlatforms) = preSolution
		Debug|Any CPU = Debug|Any CPU
		Debug|x64 = Debug|x64
		Debug|x86 = Debug|x86
		Release|Any CPU = Release|Any CPU
		Release|x64 = Release|x64
		Release|x86 = Release|x86
	EndGlobalSection
	GlobalSection(ProjectConfigurationPlatforms) = postSolution
		{601DB071-B467-4237-9403-E63616038B61}.Debug|Any CPU.ActiveCfg = Debug|Any CPU
		{601DB071-B467-4237-9403-E63616038B61}.Debug|Any CPU.Build.0 = Debug|Any CPU
		{601DB071-B467-4237-9403-E63616038B61}.Debug|x64.ActiveCfg = Debug|Any CPU
		{601DB071-B467-4237-9403-E63616038B61}.Debug|x64.Build.0 = Debug|Any CPU
		{601DB071-B467-4237-9403-E63616038B61}.Debug|x86.ActiveCfg = Debug|Any CPU
		{601DB071-B467-4237-9403-E63616038B61}.Debug|x86.Build.0 = Debug|Any CPU
		{601DB071-B467-4237-9403-E63616038B61}.Release|Any CPU.ActiveCfg = Release|Any CPU
		{601DB071-B467-4237-9403-E63616038B61}.Release|Any CPU.Build.0 = Release|Any CPU
		{601DB071-B467-4237-9403-E63616038B61}.Release|x64.ActiveCfg = Release|Any CPU
		{601DB071-B467-4237-9403-E63616038B61}.Release|x64.Build.0 = Release|Any CPU
		{601DB071-B467-4237-9403-E63616038B61}.Release|x86.ActiveCfg = Release|Any CPU
		{601DB071-B467-4237-9403-E63616038B61}.Release|x86.Build.0 = Release|Any CPU
		{1F35ED8F-3E35-4D95-8E5C-44FCE3BA57D5}.Debug|Any CPU.ActiveCfg = Debug|Any CPU
		{1F35ED8F-3E35-4D95-8E5C-44FCE3BA57D5}.Debug|Any CPU.Build.0 = Debug|Any CPU
		{1F35ED8F-3E35-4D95-8E5C-44FCE3BA57D5}.Debug|x64.ActiveCfg = Debug|Any CPU
		{1F35ED8F-3E35-4D95-8E5C-44FCE3BA57D5}.Debug|x64.Build.0 = Debug|Any CPU
		{1F35ED8F-3E35-4D95-8E5C-44FCE3BA57D5}.Debug|x86.ActiveCfg = Debug|Any CPU
		{1F35ED8F-3E35-4D95-8E5C-44FCE3BA57D5}.Debug|x86.Build.0 = Debug|Any CPU
		{1F35ED8F-3E35-4D95-8E5C-44FCE3BA57D5}.Release|Any CPU.ActiveCfg = Release|Any CPU
		{1F35ED8F-3E35-4D95-8E5C-44FCE3BA57D5}.Release|Any CPU.Build.0 = Release|Any CPU
		{1F35ED8F-3E35-4D95-8E5C-44FCE3BA57D5}.Release|x64.ActiveCfg = Release|Any CPU
		{1F35ED8F-3E35-4D95-8E5C-44FCE3BA57D5}.Release|x64.Build.0 = Release|Any CPU
		{1F35ED8F-3E35-4D95-8E5C-44FCE3BA57D5}.Release|x86.ActiveCfg = Release|Any CPU
		{1F35ED8F-3E35-4D95-8E5C-44FCE3BA57D5}.Release|x86.Build.0 = Release|Any CPU
		{CBA2E524-B861-44FE-A0B0-668E57FF2A24}.Debug|Any CPU.ActiveCfg = Debug|Any CPU
		{CBA2E524-B861-44FE-A0B0-668E57FF2A24}.Debug|Any CPU.Build.0 = Debug|Any CPU
		{CBA2E524-B861-44FE-A0B0-668E57FF2A24}.Debug|x64.ActiveCfg = Debug|Any CPU
		{CBA2E524-B861-44FE-A0B0-668E57FF2A24}.Debug|x64.Build.0 = Debug|Any CPU
		{CBA2E524-B861-44FE-A0B0-668E57FF2A24}.Debug|x86.ActiveCfg = Debug|Any CPU
		{CBA2E524-B861-44FE-A0B0-668E57FF2A24}.Debug|x86.Build.0 = Debug|Any CPU
		{CBA2E524-B861-44FE-A0B0-668E57FF2A24}.Release|Any CPU.ActiveCfg = Release|Any CPU
		{CBA2E524-B861-44FE-A0B0-668E57FF2A24}.Release|Any CPU.Build.0 = Release|Any CPU
		{CBA2E524-B861-44FE-A0B0-668E57FF2A24}.Release|x64.ActiveCfg = Release|Any CPU
		{CBA2E524-B861-44FE-A0B0-668E57FF2A24}.Release|x64.Build.0 = Release|Any CPU
		{CBA2E524-B861-44FE-A0B0-668E57FF2A24}.Release|x86.ActiveCfg = Release|Any CPU
		{CBA2E524-B861-44FE-A0B0-668E57FF2A24}.Release|x86.Build.0 = Release|Any CPU
		{A89CB3BC-7C15-4A71-863C-2E1DDEDDD12A}.Debug|Any CPU.ActiveCfg = Debug|Any CPU
		{A89CB3BC-7C15-4A71-863C-2E1DDEDDD12A}.Debug|Any CPU.Build.0 = Debug|Any CPU
		{A89CB3BC-7C15-4A71-863C-2E1DDEDDD12A}.Debug|x64.ActiveCfg = Debug|Any CPU
		{A89CB3BC-7C15-4A71-863C-2E1DDEDDD12A}.Debug|x64.Build.0 = Debug|Any CPU
		{A89CB3BC-7C15-4A71-863C-2E1DDEDDD12A}.Debug|x86.ActiveCfg = Debug|Any CPU
		{A89CB3BC-7C15-4A71-863C-2E1DDEDDD12A}.Debug|x86.Build.0 = Debug|Any CPU
		{A89CB3BC-7C15-4A71-863C-2E1DDEDDD12A}.Release|Any CPU.ActiveCfg = Release|Any CPU
		{A89CB3BC-7C15-4A71-863C-2E1DDEDDD12A}.Release|Any CPU.Build.0 = Release|Any CPU
		{A89CB3BC-7C15-4A71-863C-2E1DDEDDD12A}.Release|x64.ActiveCfg = Release|Any CPU
		{A89CB3BC-7C15-4A71-863C-2E1DDEDDD12A}.Release|x64.Build.0 = Release|Any CPU
		{A89CB3BC-7C15-4A71-863C-2E1DDEDDD12A}.Release|x86.ActiveCfg = Release|Any CPU
		{A89CB3BC-7C15-4A71-863C-2E1DDEDDD12A}.Release|x86.Build.0 = Release|Any CPU
		{544DA4BF-E0DB-4222-B5DB-E9A7B9E2A5DD}.Debug|Any CPU.ActiveCfg = Debug|Any CPU
		{544DA4BF-E0DB-4222-B5DB-E9A7B9E2A5DD}.Debug|Any CPU.Build.0 = Debug|Any CPU
		{544DA4BF-E0DB-4222-B5DB-E9A7B9E2A5DD}.Debug|x64.ActiveCfg = Debug|Any CPU
		{544DA4BF-E0DB-4222-B5DB-E9A7B9E2A5DD}.Debug|x64.Build.0 = Debug|Any CPU
		{544DA4BF-E0DB-4222-B5DB-E9A7B9E2A5DD}.Debug|x86.ActiveCfg = Debug|Any CPU
		{544DA4BF-E0DB-4222-B5DB-E9A7B9E2A5DD}.Debug|x86.Build.0 = Debug|Any CPU
		{544DA4BF-E0DB-4222-B5DB-E9A7B9E2A5DD}.Release|Any CPU.ActiveCfg = Release|Any CPU
		{544DA4BF-E0DB-4222-B5DB-E9A7B9E2A5DD}.Release|Any CPU.Build.0 = Release|Any CPU
		{544DA4BF-E0DB-4222-B5DB-E9A7B9E2A5DD}.Release|x64.ActiveCfg = Release|Any CPU
		{544DA4BF-E0DB-4222-B5DB-E9A7B9E2A5DD}.Release|x64.Build.0 = Release|Any CPU
		{544DA4BF-E0DB-4222-B5DB-E9A7B9E2A5DD}.Release|x86.ActiveCfg = Release|Any CPU
		{544DA4BF-E0DB-4222-B5DB-E9A7B9E2A5DD}.Release|x86.Build.0 = Release|Any CPU
		{C7DF552E-DDE1-4D6D-B0A3-B9D273FC0E32}.Debug|Any CPU.ActiveCfg = Debug|Any CPU
		{C7DF552E-DDE1-4D6D-B0A3-B9D273FC0E32}.Debug|Any CPU.Build.0 = Debug|Any CPU
		{C7DF552E-DDE1-4D6D-B0A3-B9D273FC0E32}.Debug|x64.ActiveCfg = Debug|Any CPU
		{C7DF552E-DDE1-4D6D-B0A3-B9D273FC0E32}.Debug|x64.Build.0 = Debug|Any CPU
		{C7DF552E-DDE1-4D6D-B0A3-B9D273FC0E32}.Debug|x86.ActiveCfg = Debug|Any CPU
		{C7DF552E-DDE1-4D6D-B0A3-B9D273FC0E32}.Debug|x86.Build.0 = Debug|Any CPU
		{C7DF552E-DDE1-4D6D-B0A3-B9D273FC0E32}.Release|Any CPU.ActiveCfg = Release|Any CPU
		{C7DF552E-DDE1-4D6D-B0A3-B9D273FC0E32}.Release|Any CPU.Build.0 = Release|Any CPU
		{C7DF552E-DDE1-4D6D-B0A3-B9D273FC0E32}.Release|x64.ActiveCfg = Release|Any CPU
		{C7DF552E-DDE1-4D6D-B0A3-B9D273FC0E32}.Release|x64.Build.0 = Release|Any CPU
		{C7DF552E-DDE1-4D6D-B0A3-B9D273FC0E32}.Release|x86.ActiveCfg = Release|Any CPU
		{C7DF552E-DDE1-4D6D-B0A3-B9D273FC0E32}.Release|x86.Build.0 = Release|Any CPU
		{5F8EBA76-7B6B-4BAF-9426-F17B14FA5C4C}.Debug|Any CPU.ActiveCfg = Debug|Any CPU
		{5F8EBA76-7B6B-4BAF-9426-F17B14FA5C4C}.Debug|Any CPU.Build.0 = Debug|Any CPU
		{5F8EBA76-7B6B-4BAF-9426-F17B14FA5C4C}.Debug|x64.ActiveCfg = Debug|Any CPU
		{5F8EBA76-7B6B-4BAF-9426-F17B14FA5C4C}.Debug|x64.Build.0 = Debug|Any CPU
		{5F8EBA76-7B6B-4BAF-9426-F17B14FA5C4C}.Debug|x86.ActiveCfg = Debug|Any CPU
		{5F8EBA76-7B6B-4BAF-9426-F17B14FA5C4C}.Debug|x86.Build.0 = Debug|Any CPU
		{5F8EBA76-7B6B-4BAF-9426-F17B14FA5C4C}.Release|Any CPU.ActiveCfg = Release|Any CPU
		{5F8EBA76-7B6B-4BAF-9426-F17B14FA5C4C}.Release|Any CPU.Build.0 = Release|Any CPU
		{5F8EBA76-7B6B-4BAF-9426-F17B14FA5C4C}.Release|x64.ActiveCfg = Release|Any CPU
		{5F8EBA76-7B6B-4BAF-9426-F17B14FA5C4C}.Release|x64.Build.0 = Release|Any CPU
		{5F8EBA76-7B6B-4BAF-9426-F17B14FA5C4C}.Release|x86.ActiveCfg = Release|Any CPU
		{5F8EBA76-7B6B-4BAF-9426-F17B14FA5C4C}.Release|x86.Build.0 = Release|Any CPU
		{7AC6357C-BDA0-40AE-955E-953C4BFF5BB0}.Debug|Any CPU.ActiveCfg = Debug|Any CPU
		{7AC6357C-BDA0-40AE-955E-953C4BFF5BB0}.Debug|Any CPU.Build.0 = Debug|Any CPU
		{7AC6357C-BDA0-40AE-955E-953C4BFF5BB0}.Debug|x64.ActiveCfg = Debug|Any CPU
		{7AC6357C-BDA0-40AE-955E-953C4BFF5BB0}.Debug|x64.Build.0 = Debug|Any CPU
		{7AC6357C-BDA0-40AE-955E-953C4BFF5BB0}.Debug|x86.ActiveCfg = Debug|Any CPU
		{7AC6357C-BDA0-40AE-955E-953C4BFF5BB0}.Debug|x86.Build.0 = Debug|Any CPU
		{7AC6357C-BDA0-40AE-955E-953C4BFF5BB0}.Release|Any CPU.ActiveCfg = Release|Any CPU
		{7AC6357C-BDA0-40AE-955E-953C4BFF5BB0}.Release|Any CPU.Build.0 = Release|Any CPU
		{7AC6357C-BDA0-40AE-955E-953C4BFF5BB0}.Release|x64.ActiveCfg = Release|Any CPU
		{7AC6357C-BDA0-40AE-955E-953C4BFF5BB0}.Release|x64.Build.0 = Release|Any CPU
		{7AC6357C-BDA0-40AE-955E-953C4BFF5BB0}.Release|x86.ActiveCfg = Release|Any CPU
		{7AC6357C-BDA0-40AE-955E-953C4BFF5BB0}.Release|x86.Build.0 = Release|Any CPU
		{E72A14FF-5026-463B-B0FA-2DA104D67B0C}.Debug|Any CPU.ActiveCfg = Debug|Any CPU
		{E72A14FF-5026-463B-B0FA-2DA104D67B0C}.Debug|Any CPU.Build.0 = Debug|Any CPU
		{E72A14FF-5026-463B-B0FA-2DA104D67B0C}.Debug|x64.ActiveCfg = Debug|Any CPU
		{E72A14FF-5026-463B-B0FA-2DA104D67B0C}.Debug|x64.Build.0 = Debug|Any CPU
		{E72A14FF-5026-463B-B0FA-2DA104D67B0C}.Debug|x86.ActiveCfg = Debug|Any CPU
		{E72A14FF-5026-463B-B0FA-2DA104D67B0C}.Debug|x86.Build.0 = Debug|Any CPU
		{E72A14FF-5026-463B-B0FA-2DA104D67B0C}.Release|Any CPU.ActiveCfg = Release|Any CPU
		{E72A14FF-5026-463B-B0FA-2DA104D67B0C}.Release|Any CPU.Build.0 = Release|Any CPU
		{E72A14FF-5026-463B-B0FA-2DA104D67B0C}.Release|x64.ActiveCfg = Release|Any CPU
		{E72A14FF-5026-463B-B0FA-2DA104D67B0C}.Release|x64.Build.0 = Release|Any CPU
		{E72A14FF-5026-463B-B0FA-2DA104D67B0C}.Release|x86.ActiveCfg = Release|Any CPU
		{E72A14FF-5026-463B-B0FA-2DA104D67B0C}.Release|x86.Build.0 = Release|Any CPU
		{96E12F19-B25A-415E-B965-F9DE8D713C67}.Debug|Any CPU.ActiveCfg = Debug|Any CPU
		{96E12F19-B25A-415E-B965-F9DE8D713C67}.Debug|Any CPU.Build.0 = Debug|Any CPU
		{96E12F19-B25A-415E-B965-F9DE8D713C67}.Debug|x64.ActiveCfg = Debug|Any CPU
		{96E12F19-B25A-415E-B965-F9DE8D713C67}.Debug|x64.Build.0 = Debug|Any CPU
		{96E12F19-B25A-415E-B965-F9DE8D713C67}.Debug|x86.ActiveCfg = Debug|Any CPU
		{96E12F19-B25A-415E-B965-F9DE8D713C67}.Debug|x86.Build.0 = Debug|Any CPU
		{96E12F19-B25A-415E-B965-F9DE8D713C67}.Release|Any CPU.ActiveCfg = Release|Any CPU
		{96E12F19-B25A-415E-B965-F9DE8D713C67}.Release|Any CPU.Build.0 = Release|Any CPU
		{96E12F19-B25A-415E-B965-F9DE8D713C67}.Release|x64.ActiveCfg = Release|Any CPU
		{96E12F19-B25A-415E-B965-F9DE8D713C67}.Release|x64.Build.0 = Release|Any CPU
		{96E12F19-B25A-415E-B965-F9DE8D713C67}.Release|x86.ActiveCfg = Release|Any CPU
		{96E12F19-B25A-415E-B965-F9DE8D713C67}.Release|x86.Build.0 = Release|Any CPU
		{60678E53-EDC4-4ADE-A9EE-B194BDC76B37}.Debug|Any CPU.ActiveCfg = Debug|Any CPU
		{60678E53-EDC4-4ADE-A9EE-B194BDC76B37}.Debug|Any CPU.Build.0 = Debug|Any CPU
		{60678E53-EDC4-4ADE-A9EE-B194BDC76B37}.Debug|x64.ActiveCfg = Debug|Any CPU
		{60678E53-EDC4-4ADE-A9EE-B194BDC76B37}.Debug|x64.Build.0 = Debug|Any CPU
		{60678E53-EDC4-4ADE-A9EE-B194BDC76B37}.Debug|x86.ActiveCfg = Debug|Any CPU
		{60678E53-EDC4-4ADE-A9EE-B194BDC76B37}.Debug|x86.Build.0 = Debug|Any CPU
		{60678E53-EDC4-4ADE-A9EE-B194BDC76B37}.Release|Any CPU.ActiveCfg = Release|Any CPU
		{60678E53-EDC4-4ADE-A9EE-B194BDC76B37}.Release|Any CPU.Build.0 = Release|Any CPU
		{60678E53-EDC4-4ADE-A9EE-B194BDC76B37}.Release|x64.ActiveCfg = Release|Any CPU
		{60678E53-EDC4-4ADE-A9EE-B194BDC76B37}.Release|x64.Build.0 = Release|Any CPU
		{60678E53-EDC4-4ADE-A9EE-B194BDC76B37}.Release|x86.ActiveCfg = Release|Any CPU
		{60678E53-EDC4-4ADE-A9EE-B194BDC76B37}.Release|x86.Build.0 = Release|Any CPU
		{6DAD5C65-64CA-4ED4-B609-2D068F021024}.Debug|Any CPU.ActiveCfg = Debug|Any CPU
		{6DAD5C65-64CA-4ED4-B609-2D068F021024}.Debug|Any CPU.Build.0 = Debug|Any CPU
		{6DAD5C65-64CA-4ED4-B609-2D068F021024}.Debug|x64.ActiveCfg = Debug|Any CPU
		{6DAD5C65-64CA-4ED4-B609-2D068F021024}.Debug|x64.Build.0 = Debug|Any CPU
		{6DAD5C65-64CA-4ED4-B609-2D068F021024}.Debug|x86.ActiveCfg = Debug|Any CPU
		{6DAD5C65-64CA-4ED4-B609-2D068F021024}.Debug|x86.Build.0 = Debug|Any CPU
		{6DAD5C65-64CA-4ED4-B609-2D068F021024}.Release|Any CPU.ActiveCfg = Release|Any CPU
		{6DAD5C65-64CA-4ED4-B609-2D068F021024}.Release|Any CPU.Build.0 = Release|Any CPU
		{6DAD5C65-64CA-4ED4-B609-2D068F021024}.Release|x64.ActiveCfg = Release|Any CPU
		{6DAD5C65-64CA-4ED4-B609-2D068F021024}.Release|x64.Build.0 = Release|Any CPU
		{6DAD5C65-64CA-4ED4-B609-2D068F021024}.Release|x86.ActiveCfg = Release|Any CPU
		{6DAD5C65-64CA-4ED4-B609-2D068F021024}.Release|x86.Build.0 = Release|Any CPU
		{28CBF925-0431-4C81-BE7D-81378DE8E97D}.Debug|Any CPU.ActiveCfg = Debug|Any CPU
		{28CBF925-0431-4C81-BE7D-81378DE8E97D}.Debug|Any CPU.Build.0 = Debug|Any CPU
		{28CBF925-0431-4C81-BE7D-81378DE8E97D}.Debug|x64.ActiveCfg = Debug|Any CPU
		{28CBF925-0431-4C81-BE7D-81378DE8E97D}.Debug|x64.Build.0 = Debug|Any CPU
		{28CBF925-0431-4C81-BE7D-81378DE8E97D}.Debug|x86.ActiveCfg = Debug|Any CPU
		{28CBF925-0431-4C81-BE7D-81378DE8E97D}.Debug|x86.Build.0 = Debug|Any CPU
		{28CBF925-0431-4C81-BE7D-81378DE8E97D}.Release|Any CPU.ActiveCfg = Release|Any CPU
		{28CBF925-0431-4C81-BE7D-81378DE8E97D}.Release|Any CPU.Build.0 = Release|Any CPU
		{28CBF925-0431-4C81-BE7D-81378DE8E97D}.Release|x64.ActiveCfg = Release|Any CPU
		{28CBF925-0431-4C81-BE7D-81378DE8E97D}.Release|x64.Build.0 = Release|Any CPU
		{28CBF925-0431-4C81-BE7D-81378DE8E97D}.Release|x86.ActiveCfg = Release|Any CPU
		{28CBF925-0431-4C81-BE7D-81378DE8E97D}.Release|x86.Build.0 = Release|Any CPU
		{EB4669EF-77CF-4CB0-AAFA-BBB3C4FD4CE6}.Debug|Any CPU.ActiveCfg = Debug|Any CPU
		{EB4669EF-77CF-4CB0-AAFA-BBB3C4FD4CE6}.Debug|Any CPU.Build.0 = Debug|Any CPU
		{EB4669EF-77CF-4CB0-AAFA-BBB3C4FD4CE6}.Debug|x64.ActiveCfg = Debug|Any CPU
		{EB4669EF-77CF-4CB0-AAFA-BBB3C4FD4CE6}.Debug|x64.Build.0 = Debug|Any CPU
		{EB4669EF-77CF-4CB0-AAFA-BBB3C4FD4CE6}.Debug|x86.ActiveCfg = Debug|Any CPU
		{EB4669EF-77CF-4CB0-AAFA-BBB3C4FD4CE6}.Debug|x86.Build.0 = Debug|Any CPU
		{EB4669EF-77CF-4CB0-AAFA-BBB3C4FD4CE6}.Release|Any CPU.ActiveCfg = Release|Any CPU
		{EB4669EF-77CF-4CB0-AAFA-BBB3C4FD4CE6}.Release|Any CPU.Build.0 = Release|Any CPU
		{EB4669EF-77CF-4CB0-AAFA-BBB3C4FD4CE6}.Release|x64.ActiveCfg = Release|Any CPU
		{EB4669EF-77CF-4CB0-AAFA-BBB3C4FD4CE6}.Release|x64.Build.0 = Release|Any CPU
		{EB4669EF-77CF-4CB0-AAFA-BBB3C4FD4CE6}.Release|x86.ActiveCfg = Release|Any CPU
		{EB4669EF-77CF-4CB0-AAFA-BBB3C4FD4CE6}.Release|x86.Build.0 = Release|Any CPU
	EndGlobalSection
	GlobalSection(SolutionProperties) = preSolution
		HideSolutionNode = FALSE
	EndGlobalSection
	GlobalSection(NestedProjects) = preSolution
		{601DB071-B467-4237-9403-E63616038B61} = {1CF1274C-DE28-4446-9B4E-5884E797B87B}
		{1F35ED8F-3E35-4D95-8E5C-44FCE3BA57D5} = {1CF1274C-DE28-4446-9B4E-5884E797B87B}
		{CBA2E524-B861-44FE-A0B0-668E57FF2A24} = {F77AD108-C6B4-46BB-B7BC-13573F45F876}
		{A89CB3BC-7C15-4A71-863C-2E1DDEDDD12A} = {1CF1274C-DE28-4446-9B4E-5884E797B87B}
		{544DA4BF-E0DB-4222-B5DB-E9A7B9E2A5DD} = {276B4810-B0CB-4FDF-9CED-49B3DD59B19F}
		{C7DF552E-DDE1-4D6D-B0A3-B9D273FC0E32} = {F77AD108-C6B4-46BB-B7BC-13573F45F876}
		{5F8EBA76-7B6B-4BAF-9426-F17B14FA5C4C} = {1CF1274C-DE28-4446-9B4E-5884E797B87B}
		{7AC6357C-BDA0-40AE-955E-953C4BFF5BB0} = {F77AD108-C6B4-46BB-B7BC-13573F45F876}
		{E72A14FF-5026-463B-B0FA-2DA104D67B0C} = {1CF1274C-DE28-4446-9B4E-5884E797B87B}
		{96E12F19-B25A-415E-B965-F9DE8D713C67} = {F77AD108-C6B4-46BB-B7BC-13573F45F876}
		{ADCF7D08-F2EE-4DFD-A96A-7E0134A1546F} = {F77AD108-C6B4-46BB-B7BC-13573F45F876}
		{60678E53-EDC4-4ADE-A9EE-B194BDC76B37} = {F77AD108-C6B4-46BB-B7BC-13573F45F876}
		{6DAD5C65-64CA-4ED4-B609-2D068F021024} = {F77AD108-C6B4-46BB-B7BC-13573F45F876}
		{28CBF925-0431-4C81-BE7D-81378DE8E97D} = {1CF1274C-DE28-4446-9B4E-5884E797B87B}
		{EB4669EF-77CF-4CB0-AAFA-BBB3C4FD4CE6} = {F77AD108-C6B4-46BB-B7BC-13573F45F876}
	EndGlobalSection
	GlobalSection(ExtensibilityGlobals) = postSolution
		SolutionGuid = {0EDE6697-0F13-4DB1-AC56-12C15A72D395}
	EndGlobalSection
EndGlobal
