
Microsoft Visual Studio Solution File, Format Version 12.00
# Visual Studio Version 17
VisualStudioVersion = 17.3.32929.385
MinimumVisualStudioVersion = 15.0.26124.0
Project("{6EC3EE1D-3C4E-46DD-8F32-0CC8E7565705}") = "FsSpreadsheet", "src\FsSpreadsheet\FsSpreadsheet.fsproj", "{601DB071-B467-4237-9403-E63616038B61}"
EndProject
Project("{6EC3EE1D-3C4E-46DD-8F32-0CC8E7565705}") = "FsSpreadsheet.ExcelIO", "src\FsSpreadsheet.ExcelIO\FsSpreadsheet.ExcelIO.fsproj", "{1F35ED8F-3E35-4D95-8E5C-44FCE3BA57D5}"
EndProject
Project("{6EC3EE1D-3C4E-46DD-8F32-0CC8E7565705}") = "FsSpreadsheet.Tests", "tests\FsSpreadsheet.Tests\FsSpreadsheet.Tests.fsproj", "{CBA2E524-B861-44FE-A0B0-668E57FF2A24}"
EndProject
Project("{2150E333-8FDC-42A3-9474-1A3956D46DE8}") = "Solution", "Solution", "{276B4810-B0CB-4FDF-9CED-49B3DD59B19F}"
	ProjectSection(SolutionItems) = preProject
		.gitignore = .gitignore
		build.cmd = build.cmd
		.config\dotnet-tools.json = .config\dotnet-tools.json
		global.json = global.json
		playground.fsx = playground.fsx
		README.md = README.md
		RELEASE_NOTES.md = RELEASE_NOTES.md
	EndProjectSection
EndProject
Project("{6EC3EE1D-3C4E-46DD-8F32-0CC8E7565705}") = "FsSpreadsheet.CsvIO", "src\FsSpreadsheet.CsvIO\FsSpreadsheet.CsvIO.fsproj", "{A89CB3BC-7C15-4A71-863C-2E1DDEDDD12A}"
EndProject
Project("{6EC3EE1D-3C4E-46DD-8F32-0CC8E7565705}") = "Build", "build\Build.fsproj", "{544DA4BF-E0DB-4222-B5DB-E9A7B9E2A5DD}"
EndProject
Project("{2150E333-8FDC-42A3-9474-1A3956D46DE8}") = "Solution Items", "Solution Items", "{828F619E-88DE-4A01-B101-FEBD0DA5DB01}"
EndProject
Project("{6EC3EE1D-3C4E-46DD-8F32-0CC8E7565705}") = "FsSpreadsheet.ExcelIO.Tests", "tests\FsSpreadsheet.ExcelIO.Tests\FsSpreadsheet.ExcelIO.Tests.fsproj", "{C7DF552E-DDE1-4D6D-B0A3-B9D273FC0E32}"
EndProject
Global
	GlobalSection(SolutionConfigurationPlatforms) = preSolution
		Debug|Any CPU = Debug|Any CPU
		Debug|x64 = Debug|x64
		Debug|x86 = Debug|x86
		Release|Any CPU = Release|Any CPU
		Release|x64 = Release|x64
		Release|x86 = Release|x86
	EndGlobalSection
	GlobalSection(ProjectConfigurationPlatforms) = postSolution
		{601DB071-B467-4237-9403-E63616038B61}.Debug|Any CPU.ActiveCfg = Debug|Any CPU
		{601DB071-B467-4237-9403-E63616038B61}.Debug|Any CPU.Build.0 = Debug|Any CPU
		{601DB071-B467-4237-9403-E63616038B61}.Debug|x64.ActiveCfg = Debug|Any CPU
		{601DB071-B467-4237-9403-E63616038B61}.Debug|x64.Build.0 = Debug|Any CPU
		{601DB071-B467-4237-9403-E63616038B61}.Debug|x86.ActiveCfg = Debug|Any CPU
		{601DB071-B467-4237-9403-E63616038B61}.Debug|x86.Build.0 = Debug|Any CPU
		{601DB071-B467-4237-9403-E63616038B61}.Release|Any CPU.ActiveCfg = Release|Any CPU
		{601DB071-B467-4237-9403-E63616038B61}.Release|Any CPU.Build.0 = Release|Any CPU
		{601DB071-B467-4237-9403-E63616038B61}.Release|x64.ActiveCfg = Release|Any CPU
		{601DB071-B467-4237-9403-E63616038B61}.Release|x64.Build.0 = Release|Any CPU
		{601DB071-B467-4237-9403-E63616038B61}.Release|x86.ActiveCfg = Release|Any CPU
		{601DB071-B467-4237-9403-E63616038B61}.Release|x86.Build.0 = Release|Any CPU
		{1F35ED8F-3E35-4D95-8E5C-44FCE3BA57D5}.Debug|Any CPU.ActiveCfg = Debug|Any CPU
		{1F35ED8F-3E35-4D95-8E5C-44FCE3BA57D5}.Debug|Any CPU.Build.0 = Debug|Any CPU
		{1F35ED8F-3E35-4D95-8E5C-44FCE3BA57D5}.Debug|x64.ActiveCfg = Debug|Any CPU
		{1F35ED8F-3E35-4D95-8E5C-44FCE3BA57D5}.Debug|x64.Build.0 = Debug|Any CPU
		{1F35ED8F-3E35-4D95-8E5C-44FCE3BA57D5}.Debug|x86.ActiveCfg = Debug|Any CPU
		{1F35ED8F-3E35-4D95-8E5C-44FCE3BA57D5}.Debug|x86.Build.0 = Debug|Any CPU
		{1F35ED8F-3E35-4D95-8E5C-44FCE3BA57D5}.Release|Any CPU.ActiveCfg = Release|Any CPU
		{1F35ED8F-3E35-4D95-8E5C-44FCE3BA57D5}.Release|Any CPU.Build.0 = Release|Any CPU
		{1F35ED8F-3E35-4D95-8E5C-44FCE3BA57D5}.Release|x64.ActiveCfg = Release|Any CPU
		{1F35ED8F-3E35-4D95-8E5C-44FCE3BA57D5}.Release|x64.Build.0 = Release|Any CPU
		{1F35ED8F-3E35-4D95-8E5C-44FCE3BA57D5}.Release|x86.ActiveCfg = Release|Any CPU
		{1F35ED8F-3E35-4D95-8E5C-44FCE3BA57D5}.Release|x86.Build.0 = Release|Any CPU
		{CBA2E524-B861-44FE-A0B0-668E57FF2A24}.Debug|Any CPU.ActiveCfg = Debug|Any CPU
		{CBA2E524-B861-44FE-A0B0-668E57FF2A24}.Debug|Any CPU.Build.0 = Debug|Any CPU
		{CBA2E524-B861-44FE-A0B0-668E57FF2A24}.Debug|x64.ActiveCfg = Debug|Any CPU
		{CBA2E524-B861-44FE-A0B0-668E57FF2A24}.Debug|x64.Build.0 = Debug|Any CPU
		{CBA2E524-B861-44FE-A0B0-668E57FF2A24}.Debug|x86.ActiveCfg = Debug|Any CPU
		{CBA2E524-B861-44FE-A0B0-668E57FF2A24}.Debug|x86.Build.0 = Debug|Any CPU
		{CBA2E524-B861-44FE-A0B0-668E57FF2A24}.Release|Any CPU.ActiveCfg = Release|Any CPU
		{CBA2E524-B861-44FE-A0B0-668E57FF2A24}.Release|Any CPU.Build.0 = Release|Any CPU
		{CBA2E524-B861-44FE-A0B0-668E57FF2A24}.Release|x64.ActiveCfg = Release|Any CPU
		{CBA2E524-B861-44FE-A0B0-668E57FF2A24}.Release|x64.Build.0 = Release|Any CPU
		{CBA2E524-B861-44FE-A0B0-668E57FF2A24}.Release|x86.ActiveCfg = Release|Any CPU
		{CBA2E524-B861-44FE-A0B0-668E57FF2A24}.Release|x86.Build.0 = Release|Any CPU
		{A89CB3BC-7C15-4A71-863C-2E1DDEDDD12A}.Debug|Any CPU.ActiveCfg = Debug|Any CPU
		{A89CB3BC-7C15-4A71-863C-2E1DDEDDD12A}.Debug|Any CPU.Build.0 = Debug|Any CPU
		{A89CB3BC-7C15-4A71-863C-2E1DDEDDD12A}.Debug|x64.ActiveCfg = Debug|Any CPU
		{A89CB3BC-7C15-4A71-863C-2E1DDEDDD12A}.Debug|x64.Build.0 = Debug|Any CPU
		{A89CB3BC-7C15-4A71-863C-2E1DDEDDD12A}.Debug|x86.ActiveCfg = Debug|Any CPU
		{A89CB3BC-7C15-4A71-863C-2E1DDEDDD12A}.Debug|x86.Build.0 = Debug|Any CPU
		{A89CB3BC-7C15-4A71-863C-2E1DDEDDD12A}.Release|Any CPU.ActiveCfg = Release|Any CPU
		{A89CB3BC-7C15-4A71-863C-2E1DDEDDD12A}.Release|Any CPU.Build.0 = Release|Any CPU
		{A89CB3BC-7C15-4A71-863C-2E1DDEDDD12A}.Release|x64.ActiveCfg = Release|Any CPU
		{A89CB3BC-7C15-4A71-863C-2E1DDEDDD12A}.Release|x64.Build.0 = Release|Any CPU
		{A89CB3BC-7C15-4A71-863C-2E1DDEDDD12A}.Release|x86.ActiveCfg = Release|Any CPU
		{A89CB3BC-7C15-4A71-863C-2E1DDEDDD12A}.Release|x86.Build.0 = Release|Any CPU
		{544DA4BF-E0DB-4222-B5DB-E9A7B9E2A5DD}.Debug|Any CPU.ActiveCfg = Debug|Any CPU
		{544DA4BF-E0DB-4222-B5DB-E9A7B9E2A5DD}.Debug|Any CPU.Build.0 = Debug|Any CPU
		{544DA4BF-E0DB-4222-B5DB-E9A7B9E2A5DD}.Debug|x64.ActiveCfg = Debug|Any CPU
		{544DA4BF-E0DB-4222-B5DB-E9A7B9E2A5DD}.Debug|x64.Build.0 = Debug|Any CPU
		{544DA4BF-E0DB-4222-B5DB-E9A7B9E2A5DD}.Debug|x86.ActiveCfg = Debug|Any CPU
		{544DA4BF-E0DB-4222-B5DB-E9A7B9E2A5DD}.Debug|x86.Build.0 = Debug|Any CPU
		{544DA4BF-E0DB-4222-B5DB-E9A7B9E2A5DD}.Release|Any CPU.ActiveCfg = Release|Any CPU
		{544DA4BF-E0DB-4222-B5DB-E9A7B9E2A5DD}.Release|Any CPU.Build.0 = Release|Any CPU
		{544DA4BF-E0DB-4222-B5DB-E9A7B9E2A5DD}.Release|x64.ActiveCfg = Release|Any CPU
		{544DA4BF-E0DB-4222-B5DB-E9A7B9E2A5DD}.Release|x64.Build.0 = Release|Any CPU
		{544DA4BF-E0DB-4222-B5DB-E9A7B9E2A5DD}.Release|x86.ActiveCfg = Release|Any CPU
		{544DA4BF-E0DB-4222-B5DB-E9A7B9E2A5DD}.Release|x86.Build.0 = Release|Any CPU
		{C7DF552E-DDE1-4D6D-B0A3-B9D273FC0E32}.Debug|Any CPU.ActiveCfg = Debug|Any CPU
		{C7DF552E-DDE1-4D6D-B0A3-B9D273FC0E32}.Debug|Any CPU.Build.0 = Debug|Any CPU
		{C7DF552E-DDE1-4D6D-B0A3-B9D273FC0E32}.Debug|x64.ActiveCfg = Debug|Any CPU
		{C7DF552E-DDE1-4D6D-B0A3-B9D273FC0E32}.Debug|x64.Build.0 = Debug|Any CPU
		{C7DF552E-DDE1-4D6D-B0A3-B9D273FC0E32}.Debug|x86.ActiveCfg = Debug|Any CPU
		{C7DF552E-DDE1-4D6D-B0A3-B9D273FC0E32}.Debug|x86.Build.0 = Debug|Any CPU
		{C7DF552E-DDE1-4D6D-B0A3-B9D273FC0E32}.Release|Any CPU.ActiveCfg = Release|Any CPU
		{C7DF552E-DDE1-4D6D-B0A3-B9D273FC0E32}.Release|Any CPU.Build.0 = Release|Any CPU
		{C7DF552E-DDE1-4D6D-B0A3-B9D273FC0E32}.Release|x64.ActiveCfg = Release|Any CPU
		{C7DF552E-DDE1-4D6D-B0A3-B9D273FC0E32}.Release|x64.Build.0 = Release|Any CPU
		{C7DF552E-DDE1-4D6D-B0A3-B9D273FC0E32}.Release|x86.ActiveCfg = Release|Any CPU
		{C7DF552E-DDE1-4D6D-B0A3-B9D273FC0E32}.Release|x86.Build.0 = Release|Any CPU
	EndGlobalSection
	GlobalSection(SolutionProperties) = preSolution
		HideSolutionNode = FALSE
	EndGlobalSection
	GlobalSection(ExtensibilityGlobals) = postSolution
		SolutionGuid = {0EDE6697-0F13-4DB1-AC56-12C15A72D395}
	EndGlobalSection
EndGlobal
